
Microsoft Visual Studio Solution File, Format Version 12.00
# Visual Studio 2013
VisualStudioVersion = 12.0.31101.0
MinimumVisualStudioVersion = 10.0.40219.1
Project("{FAE04EC0-301F-11D3-BF4B-00C04F79EFBC}") = "vtk", "vtk\vtk.csproj", "{FC995E54-5B80-4A9E-829B-E4C6FE58DA09}"
EndProject
Project("{2150E333-8FDC-42A3-9474-1A3956D46DE8}") = "Solution Items", "Solution Items", "{F81EB620-A707-420D-964C-B2339DD84DDD}"
	ProjectSection(SolutionItems) = preProject
		README.md = README.md
	EndProjectSection
EndProject
Project("{FAE04EC0-301F-11D3-BF4B-00C04F79EFBC}") = "test", "test\test.csproj", "{8510ED6C-9ED0-4DA5-8102-8279C9487A46}"
EndProject
Project("{FAE04EC0-301F-11D3-BF4B-00C04F79EFBC}") = "wpf_vtk_object", "wpf_vtk_object\wpf_vtk_object.csproj", "{3FF86B3C-0478-414D-977A-97736D953BCE}"
EndProject
Global
	GlobalSection(SolutionConfigurationPlatforms) = preSolution
		Debug|Any CPU = Debug|Any CPU
		Release|Any CPU = Release|Any CPU
	EndGlobalSection
	GlobalSection(ProjectConfigurationPlatforms) = postSolution
		{FC995E54-5B80-4A9E-829B-E4C6FE58DA09}.Debug|Any CPU.ActiveCfg = Debug|Any CPU
		{FC995E54-5B80-4A9E-829B-E4C6FE58DA09}.Debug|Any CPU.Build.0 = Debug|Any CPU
		{FC995E54-5B80-4A9E-829B-E4C6FE58DA09}.Release|Any CPU.ActiveCfg = Release|Any CPU
		{FC995E54-5B80-4A9E-829B-E4C6FE58DA09}.Release|Any CPU.Build.0 = Release|Any CPU
		{8510ED6C-9ED0-4DA5-8102-8279C9487A46}.Debug|Any CPU.ActiveCfg = Debug|Any CPU
		{8510ED6C-9ED0-4DA5-8102-8279C9487A46}.Debug|Any CPU.Build.0 = Debug|Any CPU
		{8510ED6C-9ED0-4DA5-8102-8279C9487A46}.Release|Any CPU.ActiveCfg = Release|Any CPU
		{8510ED6C-9ED0-4DA5-8102-8279C9487A46}.Release|Any CPU.Build.0 = Release|Any CPU
		{3FF86B3C-0478-414D-977A-97736D953BCE}.Debug|Any CPU.ActiveCfg = Debug|Any CPU
		{3FF86B3C-0478-414D-977A-97736D953BCE}.Debug|Any CPU.Build.0 = Debug|Any CPU
		{3FF86B3C-0478-414D-977A-97736D953BCE}.Release|Any CPU.ActiveCfg = Release|Any CPU
		{3FF86B3C-0478-414D-977A-97736D953BCE}.Release|Any CPU.Build.0 = Release|Any CPU
	EndGlobalSection
	GlobalSection(SolutionProperties) = preSolution
		HideSolutionNode = FALSE
	EndGlobalSection
EndGlobal
